
Microsoft Visual Studio Solution File, Format Version 12.00
# Visual Studio 14
VisualStudioVersion = 14.0.25420.1
MinimumVisualStudioVersion = 10.0.40219.1
Project("{FAE04EC0-301F-11D3-BF4B-00C04F79EFBC}") = "EmWebApp", "WEB-APP\EmWebApp.csproj", "{D0E2FE6E-CFDA-4967-872B-E2A33F5189D6}"
EndProject
Project("{FAE04EC0-301F-11D3-BF4B-00C04F79EFBC}") = "EmWebApp.Data", "EmWebApp.DataModel\EmWebApp.Data.csproj", "{35C12CE7-739C-437B-95A5-12C2D28E8D30}"
EndProject
Project("{FAE04EC0-301F-11D3-BF4B-00C04F79EFBC}") = "EmWebApp.Domain", "EmWebApp.Domain\EmWebApp.Domain.csproj", "{B813F76A-6574-4B51-B65C-DE1641311B99}"
EndProject
Global
	GlobalSection(SolutionConfigurationPlatforms) = preSolution
		Debug|Any CPU = Debug|Any CPU
		Release|Any CPU = Release|Any CPU
	EndGlobalSection
	GlobalSection(ProjectConfigurationPlatforms) = postSolution
		{D0E2FE6E-CFDA-4967-872B-E2A33F5189D6}.Debug|Any CPU.ActiveCfg = Debug|Any CPU
		{D0E2FE6E-CFDA-4967-872B-E2A33F5189D6}.Debug|Any CPU.Build.0 = Debug|Any CPU
		{D0E2FE6E-CFDA-4967-872B-E2A33F5189D6}.Release|Any CPU.ActiveCfg = Release|Any CPU
		{D0E2FE6E-CFDA-4967-872B-E2A33F5189D6}.Release|Any CPU.Build.0 = Release|Any CPU
		{35C12CE7-739C-437B-95A5-12C2D28E8D30}.Debug|Any CPU.ActiveCfg = Debug|Any CPU
		{35C12CE7-739C-437B-95A5-12C2D28E8D30}.Debug|Any CPU.Build.0 = Debug|Any CPU
		{35C12CE7-739C-437B-95A5-12C2D28E8D30}.Release|Any CPU.ActiveCfg = Release|Any CPU
		{35C12CE7-739C-437B-95A5-12C2D28E8D30}.Release|Any CPU.Build.0 = Release|Any CPU
		{B813F76A-6574-4B51-B65C-DE1641311B99}.Debug|Any CPU.ActiveCfg = Debug|Any CPU
		{B813F76A-6574-4B51-B65C-DE1641311B99}.Debug|Any CPU.Build.0 = Debug|Any CPU
		{B813F76A-6574-4B51-B65C-DE1641311B99}.Release|Any CPU.ActiveCfg = Release|Any CPU
		{B813F76A-6574-4B51-B65C-DE1641311B99}.Release|Any CPU.Build.0 = Release|Any CPU
	EndGlobalSection
	GlobalSection(SolutionProperties) = preSolution
		HideSolutionNode = FALSE
	EndGlobalSection
EndGlobal
